
Microsoft Visual Studio Solution File, Format Version 12.00
# Visual Studio 15
VisualStudioVersion = 15.0.28307.1000
MinimumVisualStudioVersion = 10.0.40219.1
Project("{FAE04EC0-301F-11D3-BF4B-00C04F79EFBC}") = "DeveloperTi.Mapper", "DeveloperTi.Mapper\DeveloperTi.Mapper.csproj", "{F3657621-6DE4-47C5-8C2F-1EDC762B6FC0}"
EndProject
Project("{FAE04EC0-301F-11D3-BF4B-00C04F79EFBC}") = "ConsomeMapperFields", "ConsomeMapperFields\ConsomeMapperFields.csproj", "{4FDCA939-98A0-48C8-AB82-C12506744837}"
EndProject
Global
	GlobalSection(SolutionConfigurationPlatforms) = preSolution
		Debug|Any CPU = Debug|Any CPU
		Release|Any CPU = Release|Any CPU
	EndGlobalSection
	GlobalSection(ProjectConfigurationPlatforms) = postSolution
		{F3657621-6DE4-47C5-8C2F-1EDC762B6FC0}.Debug|Any CPU.ActiveCfg = Debug|Any CPU
		{F3657621-6DE4-47C5-8C2F-1EDC762B6FC0}.Debug|Any CPU.Build.0 = Debug|Any CPU
		{F3657621-6DE4-47C5-8C2F-1EDC762B6FC0}.Release|Any CPU.ActiveCfg = Release|Any CPU
		{F3657621-6DE4-47C5-8C2F-1EDC762B6FC0}.Release|Any CPU.Build.0 = Release|Any CPU
		{4FDCA939-98A0-48C8-AB82-C12506744837}.Debug|Any CPU.ActiveCfg = Debug|Any CPU
		{4FDCA939-98A0-48C8-AB82-C12506744837}.Debug|Any CPU.Build.0 = Debug|Any CPU
		{4FDCA939-98A0-48C8-AB82-C12506744837}.Release|Any CPU.ActiveCfg = Release|Any CPU
		{4FDCA939-98A0-48C8-AB82-C12506744837}.Release|Any CPU.Build.0 = Release|Any CPU
	EndGlobalSection
	GlobalSection(SolutionProperties) = preSolution
		HideSolutionNode = FALSE
	EndGlobalSection
	GlobalSection(ExtensibilityGlobals) = postSolution
		SolutionGuid = {46C0BB64-58D4-48E2-B360-F4B4CC835B0B}
	EndGlobalSection
EndGlobal
